{
  "name": "jarvis_tec",
  "lockfileVersion": 3,
  "requires": true,
  "packages": {
    "": {
      "dependencies": {
        "@formkit/tempo": "^0.1.1"
      }
    },
    "node_modules/@formkit/tempo": {
      "version": "0.1.1",
      "resolved": "https://registry.npmjs.org/@formkit/tempo/-/tempo-0.1.1.tgz",
      "integrity": "sha512-nepRwKnCIjukLkblqh339sSXYI6P3cqktF/T7ECj3vURW+Pd+YzTv/I/lwjRqPGmlQJG93LORodIAkvgoExIAg=="
    }
  }
}
